// !$*UTF8*$!
{
	archiveVersion = 1;
	classes = {
	};
	objectVersion = 46;
	objects = {

/* Begin PBXBuildFile section */
		922603541B765AB300A203D7 /* AppDelegate.swift in Sources */ = {isa = PBXBuildFile; fileRef = 922603531B765AB300A203D7 /* AppDelegate.swift */; };
		922603561B765AB300A203D7 /* ViewController.swift in Sources */ = {isa = PBXBuildFile; fileRef = 922603551B765AB300A203D7 /* ViewController.swift */; };
		922603591B765AB300A203D7 /* Main.storyboard in Resources */ = {isa = PBXBuildFile; fileRef = 922603571B765AB300A203D7 /* Main.storyboard */; };
		9226035B1B765AB300A203D7 /* Assets.xcassets in Resources */ = {isa = PBXBuildFile; fileRef = 9226035A1B765AB300A203D7 /* Assets.xcassets */; };
		9226035E1B765AB300A203D7 /* LaunchScreen.storyboard in Resources */ = {isa = PBXBuildFile; fileRef = 9226035C1B765AB300A203D7 /* LaunchScreen.storyboard */; };
		922603691B765AB300A203D7 /* GitUseExampleTests.swift in Sources */ = {isa = PBXBuildFile; fileRef = 922603681B765AB300A203D7 /* GitUseExampleTests.swift */; };
		922603741B765AB300A203D7 /* GitUseExampleUITests.swift in Sources */ = {isa = PBXBuildFile; fileRef = 922603731B765AB300A203D7 /* GitUseExampleUITests.swift */; };
		92F4CA171B7664EC00F6A53C /* Map.swift in Sources */ = {isa = PBXBuildFile; fileRef = 92F4CA161B7664EC00F6A53C /* Map.swift */; };
/* End PBXBuildFile section */

/* Begin PBXContainerItemProxy section */
		922603651B765AB300A203D7 /* PBXContainerItemProxy */ = {
			isa = PBXContainerItemProxy;
			containerPortal = 922603481B765AB300A203D7 /* Project object */;
			proxyType = 1;
			remoteGlobalIDString = 9226034F1B765AB300A203D7;
			remoteInfo = GitUseExample;
		};
		922603701B765AB300A203D7 /* PBXContainerItemProxy */ = {
			isa = PBXContainerItemProxy;
			containerPortal = 922603481B765AB300A203D7 /* Project object */;
			proxyType = 1;
			remoteGlobalIDString = 9226034F1B765AB300A203D7;
			remoteInfo = GitUseExample;
		};
/* End PBXContainerItemProxy section */

/* Begin PBXFileReference section */
		922603501B765AB300A203D7 /* GitUseExample.app */ = {isa = PBXFileReference; explicitFileType = wrapper.application; includeInIndex = 0; path = GitUseExample.app; sourceTree = BUILT_PRODUCTS_DIR; };
		922603531B765AB300A203D7 /* AppDelegate.swift */ = {isa = PBXFileReference; lastKnownFileType = sourcecode.swift; path = AppDelegate.swift; sourceTree = "<group>"; };
		922603551B765AB300A203D7 /* ViewController.swift */ = {isa = PBXFileReference; lastKnownFileType = sourcecode.swift; path = ViewController.swift; sourceTree = "<group>"; };
		922603581B765AB300A203D7 /* Base */ = {isa = PBXFileReference; lastKnownFileType = file.storyboard; name = Base; path = Base.lproj/Main.storyboard; sourceTree = "<group>"; };
		9226035A1B765AB300A203D7 /* Assets.xcassets */ = {isa = PBXFileReference; lastKnownFileType = folder.assetcatalog; path = Assets.xcassets; sourceTree = "<group>"; };
		9226035D1B765AB300A203D7 /* Base */ = {isa = PBXFileReference; lastKnownFileType = file.storyboard; name = Base; path = Base.lproj/LaunchScreen.storyboard; sourceTree = "<group>"; };
		9226035F1B765AB300A203D7 /* Info.plist */ = {isa = PBXFileReference; lastKnownFileType = text.plist.xml; path = Info.plist; sourceTree = "<group>"; };
		922603641B765AB300A203D7 /* GitUseExampleTests.xctest */ = {isa = PBXFileReference; explicitFileType = wrapper.cfbundle; includeInIndex = 0; path = GitUseExampleTests.xctest; sourceTree = BUILT_PRODUCTS_DIR; };
		922603681B765AB300A203D7 /* GitUseExampleTests.swift */ = {isa = PBXFileReference; lastKnownFileType = sourcecode.swift; path = GitUseExampleTests.swift; sourceTree = "<group>"; };
		9226036A1B765AB300A203D7 /* Info.plist */ = {isa = PBXFileReference; lastKnownFileType = text.plist.xml; path = Info.plist; sourceTree = "<group>"; };
		9226036F1B765AB300A203D7 /* GitUseExampleUITests.xctest */ = {isa = PBXFileReference; explicitFileType = wrapper.cfbundle; includeInIndex = 0; path = GitUseExampleUITests.xctest; sourceTree = BUILT_PRODUCTS_DIR; };
		922603731B765AB300A203D7 /* GitUseExampleUITests.swift */ = {isa = PBXFileReference; lastKnownFileType = sourcecode.swift; path = GitUseExampleUITests.swift; sourceTree = "<group>"; };
		922603751B765AB300A203D7 /* Info.plist */ = {isa = PBXFileReference; lastKnownFileType = text.plist.xml; path = Info.plist; sourceTree = "<group>"; };
		92F4CA161B7664EC00F6A53C /* Map.swift */ = {isa = PBXFileReference; fileEncoding = 4; lastKnownFileType = sourcecode.swift; path = Map.swift; sourceTree = "<group>"; };
/* End PBXFileReference section */

/* Begin PBXFrameworksBuildPhase section */
		9226034D1B765AB300A203D7 /* Frameworks */ = {
			isa = PBXFrameworksBuildPhase;
			buildActionMask = 2147483647;
			files = (
			);
			runOnlyForDeploymentPostprocessing = 0;
		};
		922603611B765AB300A203D7 /* Frameworks */ = {
			isa = PBXFrameworksBuildPhase;
			buildActionMask = 2147483647;
			files = (
			);
			runOnlyForDeploymentPostprocessing = 0;
		};
		9226036C1B765AB300A203D7 /* Frameworks */ = {
			isa = PBXFrameworksBuildPhase;
			buildActionMask = 2147483647;
			files = (
			);
			runOnlyForDeploymentPostprocessing = 0;
		};
/* End PBXFrameworksBuildPhase section */

/* Begin PBXGroup section */
		922603471B765AB300A203D7 = {
			isa = PBXGroup;
			children = (
				922603521B765AB300A203D7 /* GitUseExample */,
				922603671B765AB300A203D7 /* GitUseExampleTests */,
				922603721B765AB300A203D7 /* GitUseExampleUITests */,
				922603511B765AB300A203D7 /* Products */,
			);
			sourceTree = "<group>";
		};
		922603511B765AB300A203D7 /* Products */ = {
			isa = PBXGroup;
			children = (
				922603501B765AB300A203D7 /* GitUseExample.app */,
				922603641B765AB300A203D7 /* GitUseExampleTests.xctest */,
				9226036F1B765AB300A203D7 /* GitUseExampleUITests.xctest */,
			);
			name = Products;
			sourceTree = "<group>";
		};
		922603521B765AB300A203D7 /* GitUseExample */ = {
			isa = PBXGroup;
			children = (
				922603531B765AB300A203D7 /* AppDelegate.swift */,
				922603551B765AB300A203D7 /* ViewController.swift */,
				922603571B765AB300A203D7 /* Main.storyboard */,
				92F4CA161B7664EC00F6A53C /* Map.swift */,
				9226035A1B765AB300A203D7 /* Assets.xcassets */,
				9226035C1B765AB300A203D7 /* LaunchScreen.storyboard */,
				9226035F1B765AB300A203D7 /* Info.plist */,
			);
			path = GitUseExample;
			sourceTree = "<group>";
		};
		922603671B765AB300A203D7 /* GitUseExampleTests */ = {
			isa = PBXGroup;
			children = (
				922603681B765AB300A203D7 /* GitUseExampleTests.swift */,
				9226036A1B765AB300A203D7 /* Info.plist */,
			);
			path = GitUseExampleTests;
			sourceTree = "<group>";
		};
		922603721B765AB300A203D7 /* GitUseExampleUITests */ = {
			isa = PBXGroup;
			children = (
				922603731B765AB300A203D7 /* GitUseExampleUITests.swift */,
				922603751B765AB300A203D7 /* Info.plist */,
			);
			path = GitUseExampleUITests;
			sourceTree = "<group>";
		};
/* End PBXGroup section */

/* Begin PBXNativeTarget section */
		9226034F1B765AB300A203D7 /* GitUseExample */ = {
			isa = PBXNativeTarget;
			buildConfigurationList = 922603781B765AB300A203D7 /* Build configuration list for PBXNativeTarget "GitUseExample" */;
			buildPhases = (
				9226034C1B765AB300A203D7 /* Sources */,
				9226034D1B765AB300A203D7 /* Frameworks */,
				9226034E1B765AB300A203D7 /* Resources */,
			);
			buildRules = (
			);
			dependencies = (
			);
			name = GitUseExample;
			productName = GitUseExample;
			productReference = 922603501B765AB300A203D7 /* GitUseExample.app */;
			productType = "com.apple.product-type.application";
		};
		922603631B765AB300A203D7 /* GitUseExampleTests */ = {
			isa = PBXNativeTarget;
			buildConfigurationList = 9226037B1B765AB300A203D7 /* Build configuration list for PBXNativeTarget "GitUseExampleTests" */;
			buildPhases = (
				922603601B765AB300A203D7 /* Sources */,
				922603611B765AB300A203D7 /* Frameworks */,
				922603621B765AB300A203D7 /* Resources */,
			);
			buildRules = (
			);
			dependencies = (
				922603661B765AB300A203D7 /* PBXTargetDependency */,
			);
			name = GitUseExampleTests;
			productName = GitUseExampleTests;
			productReference = 922603641B765AB300A203D7 /* GitUseExampleTests.xctest */;
			productType = "com.apple.product-type.bundle.unit-test";
		};
		9226036E1B765AB300A203D7 /* GitUseExampleUITests */ = {
			isa = PBXNativeTarget;
			buildConfigurationList = 9226037E1B765AB300A203D7 /* Build configuration list for PBXNativeTarget "GitUseExampleUITests" */;
			buildPhases = (
				9226036B1B765AB300A203D7 /* Sources */,
				9226036C1B765AB300A203D7 /* Frameworks */,
				9226036D1B765AB300A203D7 /* Resources */,
			);
			buildRules = (
			);
			dependencies = (
				922603711B765AB300A203D7 /* PBXTargetDependency */,
			);
			name = GitUseExampleUITests;
			productName = GitUseExampleUITests;
			productReference = 9226036F1B765AB300A203D7 /* GitUseExampleUITests.xctest */;
			productType = "com.apple.product-type.bundle.ui-testing";
		};
/* End PBXNativeTarget section */

/* Begin PBXProject section */
		922603481B765AB300A203D7 /* Project object */ = {
			isa = PBXProject;
			attributes = {
				LastUpgradeCheck = 0700;
				ORGANIZATIONNAME = "Don Wilson";
				TargetAttributes = {
					9226034F1B765AB300A203D7 = {
						CreatedOnToolsVersion = 7.0;
					};
					922603631B765AB300A203D7 = {
						CreatedOnToolsVersion = 7.0;
						TestTargetID = 9226034F1B765AB300A203D7;
					};
					9226036E1B765AB300A203D7 = {
						CreatedOnToolsVersion = 7.0;
						TestTargetID = 9226034F1B765AB300A203D7;
					};
				};
			};
			buildConfigurationList = 9226034B1B765AB300A203D7 /* Build configuration list for PBXProject "GitUseExample" */;
			compatibilityVersion = "Xcode 3.2";
			developmentRegion = English;
			hasScannedForEncodings = 0;
			knownRegions = (
				en,
				Base,
			);
			mainGroup = 922603471B765AB300A203D7;
			productRefGroup = 922603511B765AB300A203D7 /* Products */;
			projectDirPath = "";
			projectRoot = "";
			targets = (
				9226034F1B765AB300A203D7 /* GitUseExample */,
				922603631B765AB300A203D7 /* GitUseExampleTests */,
				9226036E1B765AB300A203D7 /* GitUseExampleUITests */,
			);
		};
/* End PBXProject section */

/* Begin PBXResourcesBuildPhase section */
		9226034E1B765AB300A203D7 /* Resources */ = {
			isa = PBXResourcesBuildPhase;
			buildActionMask = 2147483647;
			files = (
				9226035E1B765AB300A203D7 /* LaunchScreen.storyboard in Resources */,
				9226035B1B765AB300A203D7 /* Assets.xcassets in Resources */,
				922603591B765AB300A203D7 /* Main.storyboard in Resources */,
			);
			runOnlyForDeploymentPostprocessing = 0;
		};
		922603621B765AB300A203D7 /* Resources */ = {
			isa = PBXResourcesBuildPhase;
			buildActionMask = 2147483647;
			files = (
			);
			runOnlyForDeploymentPostprocessing = 0;
		};
		9226036D1B765AB300A203D7 /* Resources */ = {
			isa = PBXResourcesBuildPhase;
			buildActionMask = 2147483647;
			files = (
			);
			runOnlyForDeploymentPostprocessing = 0;
		};
/* End PBXResourcesBuildPhase section */

/* Begin PBXSourcesBuildPhase section */
		9226034C1B765AB300A203D7 /* Sources */ = {
			isa = PBXSourcesBuildPhase;
			buildActionMask = 2147483647;
			files = (
				922603561B765AB300A203D7 /* ViewController.swift in Sources */,
				92F4CA171B7664EC00F6A53C /* Map.swift in Sources */,
				922603541B765AB300A203D7 /* AppDelegate.swift in Sources */,
			);
			runOnlyForDeploymentPostprocessing = 0;
		};
		922603601B765AB300A203D7 /* Sources */ = {
			isa = PBXSourcesBuildPhase;
			buildActionMask = 2147483647;
			files = (
				922603691B765AB300A203D7 /* GitUseExampleTests.swift in Sources */,
			);
			runOnlyForDeploymentPostprocessing = 0;
		};
		9226036B1B765AB300A203D7 /* Sources */ = {
			isa = PBXSourcesBuildPhase;
			buildActionMask = 2147483647;
			files = (
				922603741B765AB300A203D7 /* GitUseExampleUITests.swift in Sources */,
			);
			runOnlyForDeploymentPostprocessing = 0;
		};
/* End PBXSourcesBuildPhase section */

/* Begin PBXTargetDependency section */
		922603661B765AB300A203D7 /* PBXTargetDependency */ = {
			isa = PBXTargetDependency;
			target = 9226034F1B765AB300A203D7 /* GitUseExample */;
			targetProxy = 922603651B765AB300A203D7 /* PBXContainerItemProxy */;
		};
		922603711B765AB300A203D7 /* PBXTargetDependency */ = {
			isa = PBXTargetDependency;
			target = 9226034F1B765AB300A203D7 /* GitUseExample */;
			targetProxy = 922603701B765AB300A203D7 /* PBXContainerItemProxy */;
		};
/* End PBXTargetDependency section */

/* Begin PBXVariantGroup section */
		922603571B765AB300A203D7 /* Main.storyboard */ = {
			isa = PBXVariantGroup;
			children = (
				922603581B765AB300A203D7 /* Base */,
			);
			name = Main.storyboard;
			sourceTree = "<group>";
		};
		9226035C1B765AB300A203D7 /* LaunchScreen.storyboard */ = {
			isa = PBXVariantGroup;
			children = (
				9226035D1B765AB300A203D7 /* Base */,
			);
			name = LaunchScreen.storyboard;
			sourceTree = "<group>";
		};
/* End PBXVariantGroup section */

/* Begin XCBuildConfiguration section */
		922603761B765AB300A203D7 /* Debug */ = {
			isa = XCBuildConfiguration;
			buildSettings = {
				ALWAYS_SEARCH_USER_PATHS = NO;
				CLANG_CXX_LANGUAGE_STANDARD = "gnu++0x";
				CLANG_CXX_LIBRARY = "libc++";
				CLANG_ENABLE_MODULES = YES;
				CLANG_ENABLE_OBJC_ARC = YES;
				CLANG_WARN_BOOL_CONVERSION = YES;
				CLANG_WARN_CONSTANT_CONVERSION = YES;
				CLANG_WARN_DIRECT_OBJC_ISA_USAGE = YES_ERROR;
				CLANG_WARN_EMPTY_BODY = YES;
				CLANG_WARN_ENUM_CONVERSION = YES;
				CLANG_WARN_INT_CONVERSION = YES;
				CLANG_WARN_OBJC_ROOT_CLASS = YES_ERROR;
				CLANG_WARN_UNREACHABLE_CODE = YES;
				CLANG_WARN__DUPLICATE_METHOD_MATCH = YES;
				"CODE_SIGN_IDENTITY[sdk=iphoneos*]" = "iPhone Developer";
				COPY_PHASE_STRIP = NO;
				DEBUG_INFORMATION_FORMAT = dwarf;
				ENABLE_STRICT_OBJC_MSGSEND = YES;
				ENABLE_TESTABILITY = YES;
				GCC_C_LANGUAGE_STANDARD = gnu99;
				GCC_DYNAMIC_NO_PIC = NO;
				GCC_NO_COMMON_BLOCKS = YES;
				GCC_OPTIMIZATION_LEVEL = 0;
				GCC_PREPROCESSOR_DEFINITIONS = (
					"DEBUG=1",
					"$(inherited)",
				);
				GCC_WARN_64_TO_32_BIT_CONVERSION = YES;
				GCC_WARN_ABOUT_RETURN_TYPE = YES_ERROR;
				GCC_WARN_UNDECLARED_SELECTOR = YES;
				GCC_WARN_UNINITIALIZED_AUTOS = YES_AGGRESSIVE;
				GCC_WARN_UNUSED_FUNCTION = YES;
				GCC_WARN_UNUSED_VARIABLE = YES;
				IPHONEOS_DEPLOYMENT_TARGET = 9.0;
				MTL_ENABLE_DEBUG_INFO = YES;
				ONLY_ACTIVE_ARCH = YES;
				SDKROOT = iphoneos;
				SWIFT_OPTIMIZATION_LEVEL = "-Onone";
			};
			name = Debug;
		};
		922603771B765AB300A203D7 /* Release */ = {
			isa = XCBuildConfiguration;
			buildSettings = {
				ALWAYS_SEARCH_USER_PATHS = NO;
				CLANG_CXX_LANGUAGE_STANDARD = "gnu++0x";
				CLANG_CXX_LIBRARY = "libc++";
				CLANG_ENABLE_MODULES = YES;
				CLANG_ENABLE_OBJC_ARC = YES;
				CLANG_WARN_BOOL_CONVERSION = YES;
				CLANG_WARN_CONSTANT_CONVERSION = YES;
				CLANG_WARN_DIRECT_OBJC_ISA_USAGE = YES_ERROR;
				CLANG_WARN_EMPTY_BODY = YES;
				CLANG_WARN_ENUM_CONVERSION = YES;
				CLANG_WARN_INT_CONVERSION = YES;
				CLANG_WARN_OBJC_ROOT_CLASS = YES_ERROR;
				CLANG_WARN_UNREACHABLE_CODE = YES;
				CLANG_WARN__DUPLICATE_METHOD_MATCH = YES;
				"CODE_SIGN_IDENTITY[sdk=iphoneos*]" = "iPhone Developer";
				COPY_PHASE_STRIP = NO;
				DEBUG_INFORMATION_FORMAT = "dwarf-with-dsym";
				ENABLE_NS_ASSERTIONS = NO;
				ENABLE_STRICT_OBJC_MSGSEND = YES;
				GCC_C_LANGUAGE_STANDARD = gnu99;
				GCC_NO_COMMON_BLOCKS = YES;
				GCC_WARN_64_TO_32_BIT_CONVERSION = YES;
				GCC_WARN_ABOUT_RETURN_TYPE = YES_ERROR;
				GCC_WARN_UNDECLARED_SELECTOR = YES;
				GCC_WARN_UNINITIALIZED_AUTOS = YES_AGGRESSIVE;
				GCC_WARN_UNUSED_FUNCTION = YES;
				GCC_WARN_UNUSED_VARIABLE = YES;
				IPHONEOS_DEPLOYMENT_TARGET = 9.0;
				MTL_ENABLE_DEBUG_INFO = NO;
				SDKROOT = iphoneos;
				VALIDATE_PRODUCT = YES;
			};
			name = Release;
		};
		922603791B765AB300A203D7 /* Debug */ = {
			isa = XCBuildConfiguration;
			buildSettings = {
				ASSETCATALOG_COMPILER_APPICON_NAME = AppIcon;
				INFOPLIST_FILE = GitUseExample/Info.plist;
				LD_RUNPATH_SEARCH_PATHS = "$(inherited) @executable_path/Frameworks";
				PRODUCT_BUNDLE_IDENTIFIER = com.talusfield.GitUseExample;
				PRODUCT_NAME = "$(TARGET_NAME)";
			};
			name = Debug;
		};
		9226037A1B765AB300A203D7 /* Release */ = {
			isa = XCBuildConfiguration;
			buildSettings = {
				ASSETCATALOG_COMPILER_APPICON_NAME = AppIcon;
				INFOPLIST_FILE = GitUseExample/Info.plist;
				LD_RUNPATH_SEARCH_PATHS = "$(inherited) @executable_path/Frameworks";
				PRODUCT_BUNDLE_IDENTIFIER = com.talusfield.GitUseExample;
				PRODUCT_NAME = "$(TARGET_NAME)";
			};
			name = Release;
		};
		9226037C1B765AB300A203D7 /* Debug */ = {
			isa = XCBuildConfiguration;
			buildSettings = {
				BUNDLE_LOADER = "$(TEST_HOST)";
				INFOPLIST_FILE = GitUseExampleTests/Info.plist;
				LD_RUNPATH_SEARCH_PATHS = "$(inherited) @executable_path/Frameworks @loader_path/Frameworks";
				PRODUCT_BUNDLE_IDENTIFIER = com.talusfield.GitUseExampleTests;
				PRODUCT_NAME = "$(TARGET_NAME)";
				TEST_HOST = "$(BUILT_PRODUCTS_DIR)/GitUseExample.app/GitUseExample";
			};
			name = Debug;
		};
		9226037D1B765AB300A203D7 /* Release */ = {
			isa = XCBuildConfiguration;
			buildSettings = {
				BUNDLE_LOADER = "$(TEST_HOST)";
				INFOPLIST_FILE = GitUseExampleTests/Info.plist;
				LD_RUNPATH_SEARCH_PATHS = "$(inherited) @executable_path/Frameworks @loader_path/Frameworks";
				PRODUCT_BUNDLE_IDENTIFIER = com.talusfield.GitUseExampleTests;
				PRODUCT_NAME = "$(TARGET_NAME)";
				TEST_HOST = "$(BUILT_PRODUCTS_DIR)/GitUseExample.app/GitUseExample";
			};
			name = Release;
		};
		9226037F1B765AB300A203D7 /* Debug */ = {
			isa = XCBuildConfiguration;
			buildSettings = {
				INFOPLIST_FILE = GitUseExampleUITests/Info.plist;
				LD_RUNPATH_SEARCH_PATHS = "$(inherited) @executable_path/Frameworks @loader_path/Frameworks";
				PRODUCT_BUNDLE_IDENTIFIER = com.talusfield.GitUseExampleUITests;
				PRODUCT_NAME = "$(TARGET_NAME)";
				TEST_TARGET_NAME = GitUseExample;
				USES_XCTRUNNER = YES;
			};
			name = Debug;
		};
		922603801B765AB300A203D7 /* Release */ = {
			isa = XCBuildConfiguration;
			buildSettings = {
				INFOPLIST_FILE = GitUseExampleUITests/Info.plist;
				LD_RUNPATH_SEARCH_PATHS = "$(inherited) @executable_path/Frameworks @loader_path/Frameworks";
				PRODUCT_BUNDLE_IDENTIFIER = com.talusfield.GitUseExampleUITests;
				PRODUCT_NAME = "$(TARGET_NAME)";
				TEST_TARGET_NAME = GitUseExample;
				USES_XCTRUNNER = YES;
			};
			name = Release;
		};
/* End XCBuildConfiguration section */

/* Begin XCConfigurationList section */
		9226034B1B765AB300A203D7 /* Build configuration list for PBXProject "GitUseExample" */ = {
			isa = XCConfigurationList;
			buildConfigurations = (
				922603761B765AB300A203D7 /* Debug */,
				922603771B765AB300A203D7 /* Release */,
			);
			defaultConfigurationIsVisible = 0;
			defaultConfigurationName = Release;
		};
		922603781B765AB300A203D7 /* Build configuration list for PBXNativeTarget "GitUseExample" */ = {
			isa = XCConfigurationList;
			buildConfigurations = (
				922603791B765AB300A203D7 /* Debug */,
				9226037A1B765AB300A203D7 /* Release */,
			);
			defaultConfigurationIsVisible = 0;
			defaultConfigurationName = Release;
		};
		9226037B1B765AB300A203D7 /* Build configuration list for PBXNativeTarget "GitUseExampleTests" */ = {
			isa = XCConfigurationList;
			buildConfigurations = (
				9226037C1B765AB300A203D7 /* Debug */,
				9226037D1B765AB300A203D7 /* Release */,
			);
			defaultConfigurationIsVisible = 0;
			defaultConfigurationName = Release;
		};
		9226037E1B765AB300A203D7 /* Build configuration list for PBXNativeTarget "GitUseExampleUITests" */ = {
			isa = XCConfigurationList;
			buildConfigurations = (
				9226037F1B765AB300A203D7 /* Debug */,
				922603801B765AB300A203D7 /* Release */,
			);
			defaultConfigurationIsVisible = 0;
			defaultConfigurationName = Release;
		};
/* End XCConfigurationList section */
	};
	rootObject = 922603481B765AB300A203D7 /* Project object */;
}
